Microsoft Visual Studio Solution File, Format Version 12.00
# Visual Studio Version 17
VisualStudioVersion = 17.5.2.0
MinimumVisualStudioVersion = 10.0.40219.1
Project("{FAE04EC0-301F-11D3-BF4B-00C04F79EFBC}") = "BarberiaBackend", "BarberiaBackend\BarberiaBackend.csproj", "{621AF2F7-49A9-B9DA-BFEE-6A5826E4026E}"
EndProject
Global
	GlobalSection(SolutionConfigurationPlatforms) = preSolution
		Debug|Any CPU = Debug|Any CPU
		Release|Any CPU = Release|Any CPU
	EndGlobalSection
	GlobalSection(ProjectConfigurationPlatforms) = postSolution
		{621AF2F7-49A9-B9DA-BFEE-6A5826E4026E}.Debug|Any CPU.ActiveCfg = Debug|Any CPU
		{621AF2F7-49A9-B9DA-BFEE-6A5826E4026E}.Debug|Any CPU.Build.0 = Debug|Any CPU
		{621AF2F7-49A9-B9DA-BFEE-6A5826E4026E}.Release|Any CPU.ActiveCfg = Release|Any CPU
		{621AF2F7-49A9-B9DA-BFEE-6A5826E4026E}.Release|Any CPU.Build.0 = Release|Any CPU
	EndGlobalSection
	GlobalSection(SolutionProperties) = preSolution
		HideSolutionNode = FALSE
	EndGlobalSection
	GlobalSection(ExtensibilityGlobals) = postSolution
		SolutionGuid = {FCA5CC33-F2E5-457D-BC67-3AD573228A2A}
	EndGlobalSection
EndGlobal
